[tools.act]
version = "0.2.78"
backend = "aqua:nektos/act"

[tools.actionlint]
version = "1.7.7"
backend = "aqua:rhysd/actionlint"

[tools.actionlint.checksums]
"actionlint_1.7.7_linux_amd64.tar.gz" = "sha256:023070a287cd8cccd71515fedc843f1985bf96c436b7effaecce67290e7e0757"

[tools.bats]
version = "1.12.0"
backend = "aqua:bats-core/bats-core"

[tools.gh]
version = "2.74.0"
backend = "aqua:cli/cli"

[tools.gh.checksums]
"gh_2.74.0_linux_amd64.tar.gz" = "sha256:e55c9d49dc49c0b0fef0a9acd3510482fd9e27ff52ae80f8a6e838cd25b4cd89"

[tools.git-cliff]
version = "2.9.1"
backend = "aqua:orhun/git-cliff"

[tools.git-cliff.checksums]
"git-cliff-2.9.1-x86_64-unknown-linux-musl.tar.gz" = "sha512:edbe32578c2160cdf8e93b7b00eefc11bcbe5cf17ac6fc77e7b2d29a3532bdb7a33825d8c364a1237956c4311b8bab2b9c8c44cdda700e276b7cde32bb791771"
