[[tools.act]]
version = "0.2.84"
backend = "aqua:nektos/act"
"platforms.linux-arm64" = { checksum = "sha256:116c7f27c4862fb01730c956c9bc9f51f9d44d8f3850fe6166b7da9f68677a5c", url = "https://github.com/nektos/act/releases/download/v0.2.84/act_Linux_arm64.tar.gz"}
"platforms.linux-x64" = { checksum = "sha256:19d4525fb0d80ff50bd3252d3fa47ee1265a331fe4c39249ac65347e527e16e2", url = "https://github.com/nektos/act/releases/download/v0.2.84/act_Linux_x86_64.tar.gz"}
"platforms.macos-arm64" = { checksum = "sha256:6739345c2bf7bbd1a3ceaf6503a9ffbe98b33dd3789edce39e8c844c6b49036b", url = "https://github.com/nektos/act/releases/download/v0.2.84/act_Darwin_arm64.tar.gz"}
"platforms.macos-x64" = { checksum = "sha256:46f6f5229a76ebf39fa51dd9ea05cb67db5b05355af204af595553b6d8cee618", url = "https://github.com/nektos/act/releases/download/v0.2.84/act_Darwin_x86_64.tar.gz"}
"platforms.windows-x64" = { checksum = "sha256:3b4fcf9497d1f23afbdd40bfa8e78e154d69754da73c2d792a4152b4f8ae5c96", url = "https://github.com/nektos/act/releases/download/v0.2.84/act_Windows_x86_64.zip"}

[[tools.actionlint]]
version = "1.7.11"
backend = "aqua:rhysd/actionlint"
"platforms.linux-arm64" = { checksum = "sha256:21bc0dfb57a913fe175298c2a9e906ee630f747cb66d0a934d0d4b69f4ee1235", url = "https://github.com/rhysd/actionlint/releases/download/v1.7.11/actionlint_1.7.11_linux_arm64.tar.gz"}
"platforms.linux-x64" = { checksum = "sha256:900919a84f2229bac68ca9cd4103ea297abc35e9689ebb842c6e34a3d1b01b0a", url = "https://github.com/rhysd/actionlint/releases/download/v1.7.11/actionlint_1.7.11_linux_amd64.tar.gz"}
"platforms.macos-arm64" = { checksum = "sha256:a21ba7366d8329e7223faee0ed69eb13da27fe8acabb356bb7eb0b7f1e1cb6d8", url = "https://github.com/rhysd/actionlint/releases/download/v1.7.11/actionlint_1.7.11_darwin_arm64.tar.gz"}
"platforms.macos-x64" = { checksum = "sha256:17ffc17fed8f0258ef6ad4aed932d3272464c7ef7d64e1cb0d65aa97c9752107", url = "https://github.com/rhysd/actionlint/releases/download/v1.7.11/actionlint_1.7.11_darwin_amd64.tar.gz"}
"platforms.windows-x64" = { checksum = "sha256:5414b7124a91f4b5abee62e5c9d84802237734f8d15b9b7032732a32c3ebffa3", url = "https://github.com/rhysd/actionlint/releases/download/v1.7.11/actionlint_1.7.11_windows_amd64.zip"}

[[tools.bats]]
version = "1.13.0"
backend = "aqua:bats-core/bats-core"
"platforms.linux-arm64" = { url = "https://github.com/bats-core/bats-core/archive/refs/tags/v1.13.0.tar.gz"}
"platforms.linux-x64" = { checksum = "blake3:d34af9fd0f9101d5309b2de31f3d1699e56a574d7d4b5e6380580a9e758a9744", url = "https://github.com/bats-core/bats-core/archive/refs/tags/v1.13.0.tar.gz"}
"platforms.macos-arm64" = { url = "https://github.com/bats-core/bats-core/archive/refs/tags/v1.13.0.tar.gz"}
"platforms.macos-x64" = { url = "https://github.com/bats-core/bats-core/archive/refs/tags/v1.13.0.tar.gz"}

[[tools.gh]]
version = "2.87.2"
backend = "aqua:cli/cli"
"platforms.linux-arm64" = { checksum = "sha256:e37efdd8ec98425f44175040b5037c767bbd49f192aed1de5aabc4b4ea9e22c5", url = "https://github.com/cli/cli/releases/download/v2.87.2/gh_2.87.2_linux_arm64.tar.gz"}
"platforms.linux-x64" = { checksum = "sha256:18360b2243e3bf9c1457035db45f6400ae4cf957dcc2f674e69717b4e0b14d55", url = "https://github.com/cli/cli/releases/download/v2.87.2/gh_2.87.2_linux_amd64.tar.gz"}
"platforms.macos-arm64" = { checksum = "sha256:18d90c7ae5b462d47cc665d4c59de61af1e208edb81a9abee1b5a82c94e91d94", url = "https://github.com/cli/cli/releases/download/v2.87.2/gh_2.87.2_macOS_arm64.zip"}
"platforms.macos-x64" = { checksum = "sha256:5ce4da6da0f29e6aa46e54ea6adb2528243d2bb517a7098e75cca16a5d983d28", url = "https://github.com/cli/cli/releases/download/v2.87.2/gh_2.87.2_macOS_amd64.zip"}
"platforms.windows-x64" = { checksum = "sha256:8483c9f5e5f777e5d7994d5ba3562c5face6ea5046af142b208eb4d6713f7749", url = "https://github.com/cli/cli/releases/download/v2.87.2/gh_2.87.2_windows_amd64.zip"}

[[tools.git-cliff]]
version = "2.12.0"
backend = "aqua:orhun/git-cliff"
"platforms.linux-arm64" = { checksum = "sha256:a2d262b389aed349e0564aaaa38a44015c98a951048923b086d6cf732f6dbbaf", url = "https://github.com/orhun/git-cliff/releases/download/v2.12.0/git-cliff-2.12.0-aarch64-unknown-linux-musl.tar.gz"}
"platforms.linux-x64" = { checksum = "sha256:c89a7bc55f3c51f391938aa3fa560125109695c1930d927879daea68dd786420", url = "https://github.com/orhun/git-cliff/releases/download/v2.12.0/git-cliff-2.12.0-x86_64-unknown-linux-musl.tar.gz"}
"platforms.macos-arm64" = { checksum = "sha256:2ae72a0061bee98d0e375f2ea8e0f4b23b4915ac2e37fa45a705066de49b43a0", url = "https://github.com/orhun/git-cliff/releases/download/v2.12.0/git-cliff-2.12.0-aarch64-apple-darwin.tar.gz"}
"platforms.macos-x64" = { checksum = "sha256:fd4bce35ea8a6f3af6ac4891073781ca24c654c36c83c865bc30bab332c05a14", url = "https://github.com/orhun/git-cliff/releases/download/v2.12.0/git-cliff-2.12.0-x86_64-apple-darwin.tar.gz"}
"platforms.windows-x64" = { checksum = "sha256:f2b8c692d9488c3313d7786e2099976151c10fd8f76580b12d045bb9683a8379", url = "https://github.com/orhun/git-cliff/releases/download/v2.12.0/git-cliff-2.12.0-x86_64-pc-windows-msvc.zip"}
